
Microsoft Visual Studio Solution File, Format Version 12.00
# Visual Studio Version 17
VisualStudioVersion = 17.3.32811.315
MinimumVisualStudioVersion = 10.0.40219.1
Project("{FAE04EC0-301F-11D3-BF4B-00C04F79EFBC}") = "HangfireApp.Web", "HangfireApp.Web\HangfireApp.Web.csproj", "{11DE4A60-B919-4978-892A-69BD721D7CD3}"
EndProject
Global
	GlobalSection(SolutionConfigurationPlatforms) = preSolution
		Debug|Any CPU = Debug|Any CPU
		Release|Any CPU = Release|Any CPU
	EndGlobalSection
	GlobalSection(ProjectConfigurationPlatforms) = postSolution
		{11DE4A60-B919-4978-892A-69BD721D7CD3}.Debug|Any CPU.ActiveCfg = Debug|Any CPU
		{11DE4A60-B919-4978-892A-69BD721D7CD3}.Debug|Any CPU.Build.0 = Debug|Any CPU
		{11DE4A60-B919-4978-892A-69BD721D7CD3}.Release|Any CPU.ActiveCfg = Release|Any CPU
		{11DE4A60-B919-4978-892A-69BD721D7CD3}.Release|Any CPU.Build.0 = Release|Any CPU
	EndGlobalSection
	GlobalSection(SolutionProperties) = preSolution
		HideSolutionNode = FALSE
	EndGlobalSection
	GlobalSection(ExtensibilityGlobals) = postSolution
		SolutionGuid = {6C099CF9-E9D7-470D-9AFE-E5717E8644F2}
	EndGlobalSection
EndGlobal
